
Microsoft Visual Studio Solution File, Format Version 12.00
# Visual Studio Version 17
VisualStudioVersion = 17.4.33213.308
MinimumVisualStudioVersion = 10.0.40219.1
Project("{FAE04EC0-301F-11D3-BF4B-00C04F79EFBC}") = "ZayShop", "ZayShop\ZayShop.csproj", "{1760141D-6ED2-4D12-B831-BE1EB3729534}"
EndProject
Global
	GlobalSection(SolutionConfigurationPlatforms) = preSolution
		Debug|Any CPU = Debug|Any CPU
		Release|Any CPU = Release|Any CPU
	EndGlobalSection
	GlobalSection(ProjectConfigurationPlatforms) = postSolution
		{1760141D-6ED2-4D12-B831-BE1EB3729534}.Debug|Any CPU.ActiveCfg = Debug|Any CPU
		{1760141D-6ED2-4D12-B831-BE1EB3729534}.Debug|Any CPU.Build.0 = Debug|Any CPU
		{1760141D-6ED2-4D12-B831-BE1EB3729534}.Release|Any CPU.ActiveCfg = Release|Any CPU
		{1760141D-6ED2-4D12-B831-BE1EB3729534}.Release|Any CPU.Build.0 = Release|Any CPU
	EndGlobalSection
	GlobalSection(SolutionProperties) = preSolution
		HideSolutionNode = FALSE
	EndGlobalSection
	GlobalSection(ExtensibilityGlobals) = postSolution
		SolutionGuid = {0EE6D855-9303-40A3-9113-5EA0FDC3289E}
	EndGlobalSection
EndGlobal
